
Microsoft Visual Studio Solution File, Format Version 12.00
# Visual Studio Version 16
VisualStudioVersion = 16.0.29123.88
MinimumVisualStudioVersion = 10.0.40219.1
Project("{FAE04EC0-301F-11D3-BF4B-00C04F79EFBC}") = "Gateway", "Gateway.csproj", "{FCE5493A-6B9D-4064-964D-2AC7A6D6EB61}"
EndProject
Global
	GlobalSection(SolutionConfigurationPlatforms) = preSolution
		Debug|Any CPU = Debug|Any CPU
		Release|Any CPU = Release|Any CPU
	EndGlobalSection
	GlobalSection(ProjectConfigurationPlatforms) = postSolution
		{FCE5493A-6B9D-4064-964D-2AC7A6D6EB61}.Debug|Any CPU.ActiveCfg = Debug|Any CPU
		{FCE5493A-6B9D-4064-964D-2AC7A6D6EB61}.Debug|Any CPU.Build.0 = Debug|Any CPU
		{FCE5493A-6B9D-4064-964D-2AC7A6D6EB61}.Release|Any CPU.ActiveCfg = Release|Any CPU
		{FCE5493A-6B9D-4064-964D-2AC7A6D6EB61}.Release|Any CPU.Build.0 = Release|Any CPU
	EndGlobalSection
	GlobalSection(SolutionProperties) = preSolution
		HideSolutionNode = FALSE
	EndGlobalSection
	GlobalSection(ExtensibilityGlobals) = postSolution
		SolutionGuid = {D9CAE43B-6990-45E3-A3F3-B953553A110C}
	EndGlobalSection
EndGlobal
